
Microsoft Visual Studio Solution File, Format Version 12.00
# Visual Studio Version 17
VisualStudioVersion = 17.6.33829.357
MinimumVisualStudioVersion = 10.0.40219.1
Project("{9A19103F-16F7-4668-BE54-9A1E7A4F7556}") = "FilmCodeFirst", "FilmCodeFirst\FilmCodeFirst.csproj", "{880E3606-2BA4-4431-A35D-E22D7CDFA94C}"
EndProject
Project("{FAE04EC0-301F-11D3-BF4B-00C04F79EFBC}") = "FilmCodeFirstTests", "FilmCodeFirstTests\FilmCodeFirstTests.csproj", "{72685E7A-721A-4A52-AFA8-A3AEACB3228D}"
EndProject
Global
	GlobalSection(SolutionConfigurationPlatforms) = preSolution
		Debug|Any CPU = Debug|Any CPU
		Release|Any CPU = Release|Any CPU
	EndGlobalSection
	GlobalSection(ProjectConfigurationPlatforms) = postSolution
		{880E3606-2BA4-4431-A35D-E22D7CDFA94C}.Debug|Any CPU.ActiveCfg = Debug|Any CPU
		{880E3606-2BA4-4431-A35D-E22D7CDFA94C}.Debug|Any CPU.Build.0 = Debug|Any CPU
		{880E3606-2BA4-4431-A35D-E22D7CDFA94C}.Release|Any CPU.ActiveCfg = Release|Any CPU
		{880E3606-2BA4-4431-A35D-E22D7CDFA94C}.Release|Any CPU.Build.0 = Release|Any CPU
		{72685E7A-721A-4A52-AFA8-A3AEACB3228D}.Debug|Any CPU.ActiveCfg = Debug|Any CPU
		{72685E7A-721A-4A52-AFA8-A3AEACB3228D}.Debug|Any CPU.Build.0 = Debug|Any CPU
		{72685E7A-721A-4A52-AFA8-A3AEACB3228D}.Release|Any CPU.ActiveCfg = Release|Any CPU
		{72685E7A-721A-4A52-AFA8-A3AEACB3228D}.Release|Any CPU.Build.0 = Release|Any CPU
	EndGlobalSection
	GlobalSection(SolutionProperties) = preSolution
		HideSolutionNode = FALSE
	EndGlobalSection
	GlobalSection(ExtensibilityGlobals) = postSolution
		SolutionGuid = {1BD95BE0-D962-4F5A-A239-2A576A09E485}
	EndGlobalSection
EndGlobal
